
Microsoft Visual Studio Solution File, Format Version 12.00
# Visual Studio Version 17
VisualStudioVersion = 17.9.34728.123
MinimumVisualStudioVersion = 10.0.40219.1
Project("{FAE04EC0-301F-11D3-BF4B-00C04F79EFBC}") = "ClothingItem", "ConsoleApp6\ClothingItem.csproj", "{F89F6F61-E557-4FAD-BCC4-D14D1C285782}"
EndProject
Global
	GlobalSection(SolutionConfigurationPlatforms) = preSolution
		Debug|Any CPU = Debug|Any CPU
		Release|Any CPU = Release|Any CPU
	EndGlobalSection
	GlobalSection(ProjectConfigurationPlatforms) = postSolution
		{F89F6F61-E557-4FAD-BCC4-D14D1C285782}.Debug|Any CPU.ActiveCfg = Debug|Any CPU
		{F89F6F61-E557-4FAD-BCC4-D14D1C285782}.Debug|Any CPU.Build.0 = Debug|Any CPU
		{F89F6F61-E557-4FAD-BCC4-D14D1C285782}.Release|Any CPU.ActiveCfg = Release|Any CPU
		{F89F6F61-E557-4FAD-BCC4-D14D1C285782}.Release|Any CPU.Build.0 = Release|Any CPU
	EndGlobalSection
	GlobalSection(SolutionProperties) = preSolution
		HideSolutionNode = FALSE
	EndGlobalSection
	GlobalSection(ExtensibilityGlobals) = postSolution
		SolutionGuid = {AA4FC750-6977-4372-8D74-18144C328D91}
	EndGlobalSection
EndGlobal
